
Microsoft Visual Studio Solution File, Format Version 12.00
# Visual Studio Version 17
VisualStudioVersion = 17.5.33530.505
MinimumVisualStudioVersion = 10.0.40219.1
Project("{FAE04EC0-301F-11D3-BF4B-00C04F79EFBC}") = "demoCESI.WebApp", "demoCESI.WebApp\demoCESI.WebApp.csproj", "{8EDDADDA-5DB4-429F-B59C-092AB315FF99}"
EndProject
Project("{FAE04EC0-301F-11D3-BF4B-00C04F79EFBC}") = "demoCESI.Models", "demoCESI.Models\demoCESI.Models.csproj", "{13F62EF5-2D40-4D6F-8E87-20FF0B0BC799}"
EndProject
Project("{FAE04EC0-301F-11D3-BF4B-00C04F79EFBC}") = "demoCESI.Data", "demoCESI.Data\demoCESI.Data.csproj", "{F7B6836D-104B-4C33-A86C-C3839EE56104}"
EndProject
Global
	GlobalSection(SolutionConfigurationPlatforms) = preSolution
		Debug|Any CPU = Debug|Any CPU
		Release|Any CPU = Release|Any CPU
	EndGlobalSection
	GlobalSection(ProjectConfigurationPlatforms) = postSolution
		{8EDDADDA-5DB4-429F-B59C-092AB315FF99}.Debug|Any CPU.ActiveCfg = Debug|Any CPU
		{8EDDADDA-5DB4-429F-B59C-092AB315FF99}.Debug|Any CPU.Build.0 = Debug|Any CPU
		{8EDDADDA-5DB4-429F-B59C-092AB315FF99}.Release|Any CPU.ActiveCfg = Release|Any CPU
		{8EDDADDA-5DB4-429F-B59C-092AB315FF99}.Release|Any CPU.Build.0 = Release|Any CPU
		{13F62EF5-2D40-4D6F-8E87-20FF0B0BC799}.Debug|Any CPU.ActiveCfg = Debug|Any CPU
		{13F62EF5-2D40-4D6F-8E87-20FF0B0BC799}.Debug|Any CPU.Build.0 = Debug|Any CPU
		{13F62EF5-2D40-4D6F-8E87-20FF0B0BC799}.Release|Any CPU.ActiveCfg = Release|Any CPU
		{13F62EF5-2D40-4D6F-8E87-20FF0B0BC799}.Release|Any CPU.Build.0 = Release|Any CPU
		{F7B6836D-104B-4C33-A86C-C3839EE56104}.Debug|Any CPU.ActiveCfg = Debug|Any CPU
		{F7B6836D-104B-4C33-A86C-C3839EE56104}.Debug|Any CPU.Build.0 = Debug|Any CPU
		{F7B6836D-104B-4C33-A86C-C3839EE56104}.Release|Any CPU.ActiveCfg = Release|Any CPU
		{F7B6836D-104B-4C33-A86C-C3839EE56104}.Release|Any CPU.Build.0 = Release|Any CPU
	EndGlobalSection
	GlobalSection(SolutionProperties) = preSolution
		HideSolutionNode = FALSE
	EndGlobalSection
	GlobalSection(ExtensibilityGlobals) = postSolution
		SolutionGuid = {CB336D34-187E-4965-9D8D-38D4F982C57E}
	EndGlobalSection
EndGlobal
